// !$*UTF8*$!
{
	archiveVersion = 1;
	classes = {
	};
	objectVersion = 50;
	objects = {

/* Begin PBXBuildFile section */
		46BC7F6926B077F3002BC347 /* AppDelegate.swift in Sources */ = {isa = PBXBuildFile; fileRef = 46BC7F6826B077F3002BC347 /* AppDelegate.swift */; };
		46BC7F6B26B077F3002BC347 /* SceneDelegate.swift in Sources */ = {isa = PBXBuildFile; fileRef = 46BC7F6A26B077F3002BC347 /* SceneDelegate.swift */; };
		46BC7F6D26B077F3002BC347 /* MainViewController.swift in Sources */ = {isa = PBXBuildFile; fileRef = 46BC7F6C26B077F3002BC347 /* MainViewController.swift */; };
		46BC7F7026B077F3002BC347 /* Main.storyboard in Resources */ = {isa = PBXBuildFile; fileRef = 46BC7F6E26B077F3002BC347 /* Main.storyboard */; };
		46BC7F7226B077F6002BC347 /* Assets.xcassets in Resources */ = {isa = PBXBuildFile; fileRef = 46BC7F7126B077F6002BC347 /* Assets.xcassets */; };
		46BC7F7526B077F6002BC347 /* LaunchScreen.storyboard in Resources */ = {isa = PBXBuildFile; fileRef = 46BC7F7326B077F6002BC347 /* LaunchScreen.storyboard */; };
		46BC7F8026B077F6002BC347 /* ViewModelTests.swift in Sources */ = {isa = PBXBuildFile; fileRef = 46BC7F7F26B077F6002BC347 /* ViewModelTests.swift */; };
		46BC7F8B26B077F6002BC347 /* WalmartNarutoTestUITests.swift in Sources */ = {isa = PBXBuildFile; fileRef = 46BC7F8A26B077F6002BC347 /* WalmartNarutoTestUITests.swift */; };
		46BC7F9F26B07B5A002BC347 /* MainViewModel.swift in Sources */ = {isa = PBXBuildFile; fileRef = 46BC7F9E26B07B5A002BC347 /* MainViewModel.swift */; };
		46BC7FA226B07D42002BC347 /* EpisodeResult.swift in Sources */ = {isa = PBXBuildFile; fileRef = 46BC7FA126B07D42002BC347 /* EpisodeResult.swift */; };
		46BC7FA526B07F2D002BC347 /* APIHandler.swift in Sources */ = {isa = PBXBuildFile; fileRef = 46BC7FA426B07F2D002BC347 /* APIHandler.swift */; };
		46BC7FA726B07F4C002BC347 /* EndPoints.swift in Sources */ = {isa = PBXBuildFile; fileRef = 46BC7FA626B07F4C002BC347 /* EndPoints.swift */; };
		46BC7FA926B07F64002BC347 /* Constants.swift in Sources */ = {isa = PBXBuildFile; fileRef = 46BC7FA826B07F64002BC347 /* Constants.swift */; };
		46BC7FAD26B0800B002BC347 /* MainTableViewCell.swift in Sources */ = {isa = PBXBuildFile; fileRef = 46BC7FAB26B0800B002BC347 /* MainTableViewCell.swift */; };
		46BC7FAE26B0800B002BC347 /* MainTableViewCell.xib in Resources */ = {isa = PBXBuildFile; fileRef = 46BC7FAC26B0800B002BC347 /* MainTableViewCell.xib */; };
		46BC7FB226B08B71002BC347 /* Extentions.swift in Sources */ = {isa = PBXBuildFile; fileRef = 46BC7FB126B08B71002BC347 /* Extentions.swift */; };
		46BC7FB426B09D77002BC347 /* SearchViewController.swift in Sources */ = {isa = PBXBuildFile; fileRef = 46BC7FB326B09D77002BC347 /* SearchViewController.swift */; };
		46BC7FB626B0B164002BC347 /* APIHandlerTests.swift in Sources */ = {isa = PBXBuildFile; fileRef = 46BC7FB526B0B164002BC347 /* APIHandlerTests.swift */; };
		46BC7FBA26B1CE0D002BC347 /* MainView.swift in Sources */ = {isa = PBXBuildFile; fileRef = 46BC7FB926B1CE0D002BC347 /* MainView.swift */; };
		46BC7FBC26B1CE1F002BC347 /* MainView.xib in Resources */ = {isa = PBXBuildFile; fileRef = 46BC7FBB26B1CE1F002BC347 /* MainView.xib */; };
/* End PBXBuildFile section */

/* Begin PBXContainerItemProxy section */
		46BC7F7C26B077F6002BC347 /* PBXContainerItemProxy */ = {
			isa = PBXContainerItemProxy;
			containerPortal = 46BC7F5D26B077F3002BC347 /* Project object */;
			proxyType = 1;
			remoteGlobalIDString = 46BC7F6426B077F3002BC347;
			remoteInfo = WalmartNarutoTest;
		};
		46BC7F8726B077F6002BC347 /* PBXContainerItemProxy */ = {
			isa = PBXContainerItemProxy;
			containerPortal = 46BC7F5D26B077F3002BC347 /* Project object */;
			proxyType = 1;
			remoteGlobalIDString = 46BC7F6426B077F3002BC347;
			remoteInfo = WalmartNarutoTest;
		};
/* End PBXContainerItemProxy section */

/* Begin PBXFileReference section */
		46BC7F6526B077F3002BC347 /* WalmartNarutoTest.app */ = {isa = PBXFileReference; explicitFileType = wrapper.application; includeInIndex = 0; path = WalmartNarutoTest.app; sourceTree = BUILT_PRODUCTS_DIR; };
		46BC7F6826B077F3002BC347 /* AppDelegate.swift */ = {isa = PBXFileReference; lastKnownFileType = sourcecode.swift; path = AppDelegate.swift; sourceTree = "<group>"; };
		46BC7F6A26B077F3002BC347 /* SceneDelegate.swift */ = {isa = PBXFileReference; lastKnownFileType = sourcecode.swift; path = SceneDelegate.swift; sourceTree = "<group>"; };
		46BC7F6C26B077F3002BC347 /* MainViewController.swift */ = {isa = PBXFileReference; lastKnownFileType = sourcecode.swift; path = MainViewController.swift; sourceTree = "<group>"; };
		46BC7F6F26B077F3002BC347 /* Base */ = {isa = PBXFileReference; lastKnownFileType = file.storyboard; name = Base; path = Base.lproj/Main.storyboard; sourceTree = "<group>"; };
		46BC7F7126B077F6002BC347 /* Assets.xcassets */ = {isa = PBXFileReference; lastKnownFileType = folder.assetcatalog; path = Assets.xcassets; sourceTree = "<group>"; };
		46BC7F7426B077F6002BC347 /* Base */ = {isa = PBXFileReference; lastKnownFileType = file.storyboard; name = Base; path = Base.lproj/LaunchScreen.storyboard; sourceTree = "<group>"; };
		46BC7F7626B077F6002BC347 /* Info.plist */ = {isa = PBXFileReference; lastKnownFileType = text.plist.xml; path = Info.plist; sourceTree = "<group>"; };
		46BC7F7B26B077F6002BC347 /* WalmartNarutoTestTests.xctest */ = {isa = PBXFileReference; explicitFileType = wrapper.cfbundle; includeInIndex = 0; path = WalmartNarutoTestTests.xctest; sourceTree = BUILT_PRODUCTS_DIR; };
		46BC7F7F26B077F6002BC347 /* ViewModelTests.swift */ = {isa = PBXFileReference; lastKnownFileType = sourcecode.swift; path = ViewModelTests.swift; sourceTree = "<group>"; };
		46BC7F8126B077F6002BC347 /* Info.plist */ = {isa = PBXFileReference; lastKnownFileType = text.plist.xml; path = Info.plist; sourceTree = "<group>"; };
		46BC7F8626B077F6002BC347 /* WalmartNarutoTestUITests.xctest */ = {isa = PBXFileReference; explicitFileType = wrapper.cfbundle; includeInIndex = 0; path = WalmartNarutoTestUITests.xctest; sourceTree = BUILT_PRODUCTS_DIR; };
		46BC7F8A26B077F6002BC347 /* WalmartNarutoTestUITests.swift */ = {isa = PBXFileReference; lastKnownFileType = sourcecode.swift; path = WalmartNarutoTestUITests.swift; sourceTree = "<group>"; };
		46BC7F8C26B077F6002BC347 /* Info.plist */ = {isa = PBXFileReference; lastKnownFileType = text.plist.xml; path = Info.plist; sourceTree = "<group>"; };
		46BC7F9E26B07B5A002BC347 /* MainViewModel.swift */ = {isa = PBXFileReference; lastKnownFileType = sourcecode.swift; path = MainViewModel.swift; sourceTree = "<group>"; };
		46BC7FA126B07D42002BC347 /* EpisodeResult.swift */ = {isa = PBXFileReference; lastKnownFileType = sourcecode.swift; path = EpisodeResult.swift; sourceTree = "<group>"; };
		46BC7FA426B07F2D002BC347 /* APIHandler.swift */ = {isa = PBXFileReference; lastKnownFileType = sourcecode.swift; path = APIHandler.swift; sourceTree = "<group>"; };
		46BC7FA626B07F4C002BC347 /* EndPoints.swift */ = {isa = PBXFileReference; lastKnownFileType = sourcecode.swift; path = EndPoints.swift; sourceTree = "<group>"; };
		46BC7FA826B07F64002BC347 /* Constants.swift */ = {isa = PBXFileReference; lastKnownFileType = sourcecode.swift; path = Constants.swift; sourceTree = "<group>"; };
		46BC7FAB26B0800B002BC347 /* MainTableViewCell.swift */ = {isa = PBXFileReference; lastKnownFileType = sourcecode.swift; path = MainTableViewCell.swift; sourceTree = "<group>"; };
		46BC7FAC26B0800B002BC347 /* MainTableViewCell.xib */ = {isa = PBXFileReference; lastKnownFileType = file.xib; path = MainTableViewCell.xib; sourceTree = "<group>"; };
		46BC7FB126B08B71002BC347 /* Extentions.swift */ = {isa = PBXFileReference; lastKnownFileType = sourcecode.swift; path = Extentions.swift; sourceTree = "<group>"; };
		46BC7FB326B09D77002BC347 /* SearchViewController.swift */ = {isa = PBXFileReference; lastKnownFileType = sourcecode.swift; path = SearchViewController.swift; sourceTree = "<group>"; };
		46BC7FB526B0B164002BC347 /* APIHandlerTests.swift */ = {isa = PBXFileReference; lastKnownFileType = sourcecode.swift; path = APIHandlerTests.swift; sourceTree = "<group>"; };
		46BC7FB926B1CE0D002BC347 /* MainView.swift */ = {isa = PBXFileReference; lastKnownFileType = sourcecode.swift; path = MainView.swift; sourceTree = "<group>"; };
		46BC7FBB26B1CE1F002BC347 /* MainView.xib */ = {isa = PBXFileReference; lastKnownFileType = file.xib; path = MainView.xib; sourceTree = "<group>"; };
/* End PBXFileReference section */

/* Begin PBXFrameworksBuildPhase section */
		46BC7F6226B077F3002BC347 /* Frameworks */ = {
			isa = PBXFrameworksBuildPhase;
			buildActionMask = 2147483647;
			files = (
			);
			runOnlyForDeploymentPostprocessing = 0;
		};
		46BC7F7826B077F6002BC347 /* Frameworks */ = {
			isa = PBXFrameworksBuildPhase;
			buildActionMask = 2147483647;
			files = (
			);
			runOnlyForDeploymentPostprocessing = 0;
		};
		46BC7F8326B077F6002BC347 /* Frameworks */ = {
			isa = PBXFrameworksBuildPhase;
			buildActionMask = 2147483647;
			files = (
			);
			runOnlyForDeploymentPostprocessing = 0;
		};
/* End PBXFrameworksBuildPhase section */

/* Begin PBXGroup section */
		46BC7F5C26B077F3002BC347 = {
			isa = PBXGroup;
			children = (
				46BC7F6726B077F3002BC347 /* WalmartNarutoTest */,
				46BC7F7E26B077F6002BC347 /* WalmartNarutoTestTests */,
				46BC7F8926B077F6002BC347 /* WalmartNarutoTestUITests */,
				46BC7F6626B077F3002BC347 /* Products */,
			);
			sourceTree = "<group>";
		};
		46BC7F6626B077F3002BC347 /* Products */ = {
			isa = PBXGroup;
			children = (
				46BC7F6526B077F3002BC347 /* WalmartNarutoTest.app */,
				46BC7F7B26B077F6002BC347 /* WalmartNarutoTestTests.xctest */,
				46BC7F8626B077F6002BC347 /* WalmartNarutoTestUITests.xctest */,
			);
			name = Products;
			sourceTree = "<group>";
		};
		46BC7F6726B077F3002BC347 /* WalmartNarutoTest */ = {
			isa = PBXGroup;
			children = (
				46BC7FA326B07F1F002BC347 /* APIHandler */,
				46BC7F9B26B07810002BC347 /* SupportingFiles */,
				46BC7F9A26B0780A002BC347 /* View */,
				46BC7F9926B07803002BC347 /* ViewModel */,
				46BC7F9826B077FC002BC347 /* Model */,
			);
			path = WalmartNarutoTest;
			sourceTree = "<group>";
		};
		46BC7F7E26B077F6002BC347 /* WalmartNarutoTestTests */ = {
			isa = PBXGroup;
			children = (
				46BC7F7F26B077F6002BC347 /* ViewModelTests.swift */,
				46BC7FB526B0B164002BC347 /* APIHandlerTests.swift */,
				46BC7F8126B077F6002BC347 /* Info.plist */,
			);
			path = WalmartNarutoTestTests;
			sourceTree = "<group>";
		};
		46BC7F8926B077F6002BC347 /* WalmartNarutoTestUITests */ = {
			isa = PBXGroup;
			children = (
				46BC7F8A26B077F6002BC347 /* WalmartNarutoTestUITests.swift */,
				46BC7F8C26B077F6002BC347 /* Info.plist */,
			);
			path = WalmartNarutoTestUITests;
			sourceTree = "<group>";
		};
		46BC7F9826B077FC002BC347 /* Model */ = {
			isa = PBXGroup;
			children = (
				46BC7FA126B07D42002BC347 /* EpisodeResult.swift */,
			);
			path = Model;
			sourceTree = "<group>";
		};
		46BC7F9926B07803002BC347 /* ViewModel */ = {
			isa = PBXGroup;
			children = (
				46BC7F9E26B07B5A002BC347 /* MainViewModel.swift */,
			);
			path = ViewModel;
			sourceTree = "<group>";
		};
		46BC7F9A26B0780A002BC347 /* View */ = {
			isa = PBXGroup;
			children = (
				46BC7FAA26B07FDE002BC347 /* XIBs */,
				46BC7F9D26B079A7002BC347 /* Controllers */,
				46BC7F9C26B07825002BC347 /* Storyboards */,
			);
			path = View;
			sourceTree = "<group>";
		};
		46BC7F9B26B07810002BC347 /* SupportingFiles */ = {
			isa = PBXGroup;
			children = (
				46BC7F6826B077F3002BC347 /* AppDelegate.swift */,
				46BC7F6A26B077F3002BC347 /* SceneDelegate.swift */,
				46BC7F7126B077F6002BC347 /* Assets.xcassets */,
				46BC7F7626B077F6002BC347 /* Info.plist */,
				46BC7FA826B07F64002BC347 /* Constants.swift */,
				46BC7FB126B08B71002BC347 /* Extentions.swift */,
			);
			path = SupportingFiles;
			sourceTree = "<group>";
		};
		46BC7F9C26B07825002BC347 /* Storyboards */ = {
			isa = PBXGroup;
			children = (
				46BC7F7326B077F6002BC347 /* LaunchScreen.storyboard */,
				46BC7F6E26B077F3002BC347 /* Main.storyboard */,
			);
			path = Storyboards;
			sourceTree = "<group>";
		};
		46BC7F9D26B079A7002BC347 /* Controllers */ = {
			isa = PBXGroup;
			children = (
				46BC7F6C26B077F3002BC347 /* MainViewController.swift */,
				46BC7FB326B09D77002BC347 /* SearchViewController.swift */,
			);
			path = Controllers;
			sourceTree = "<group>";
		};
		46BC7FA326B07F1F002BC347 /* APIHandler */ = {
			isa = PBXGroup;
			children = (
				46BC7FA426B07F2D002BC347 /* APIHandler.swift */,
				46BC7FA626B07F4C002BC347 /* EndPoints.swift */,
			);
			path = APIHandler;
			sourceTree = "<group>";
		};
		46BC7FAA26B07FDE002BC347 /* XIBs */ = {
			isa = PBXGroup;
			children = (
				46BC7FAB26B0800B002BC347 /* MainTableViewCell.swift */,
				46BC7FAC26B0800B002BC347 /* MainTableViewCell.xib */,
				46BC7FB926B1CE0D002BC347 /* MainView.swift */,
				46BC7FBB26B1CE1F002BC347 /* MainView.xib */,
			);
			path = XIBs;
			sourceTree = "<group>";
		};
/* End PBXGroup section */

/* Begin PBXNativeTarget section */
		46BC7F6426B077F3002BC347 /* WalmartNarutoTest */ = {
			isa = PBXNativeTarget;
			buildConfigurationList = 46BC7F8F26B077F6002BC347 /* Build configuration list for PBXNativeTarget "WalmartNarutoTest" */;
			buildPhases = (
				46BC7F6126B077F3002BC347 /* Sources */,
				46BC7F6226B077F3002BC347 /* Frameworks */,
				46BC7F6326B077F3002BC347 /* Resources */,
			);
			buildRules = (
			);
			dependencies = (
			);
			name = WalmartNarutoTest;
			productName = WalmartNarutoTest;
			productReference = 46BC7F6526B077F3002BC347 /* WalmartNarutoTest.app */;
			productType = "com.apple.product-type.application";
		};
		46BC7F7A26B077F6002BC347 /* WalmartNarutoTestTests */ = {
			isa = PBXNativeTarget;
			buildConfigurationList = 46BC7F9226B077F6002BC347 /* Build configuration list for PBXNativeTarget "WalmartNarutoTestTests" */;
			buildPhases = (
				46BC7F7726B077F6002BC347 /* Sources */,
				46BC7F7826B077F6002BC347 /* Frameworks */,
				46BC7F7926B077F6002BC347 /* Resources */,
			);
			buildRules = (
			);
			dependencies = (
				46BC7F7D26B077F6002BC347 /* PBXTargetDependency */,
			);
			name = WalmartNarutoTestTests;
			productName = WalmartNarutoTestTests;
			productReference = 46BC7F7B26B077F6002BC347 /* WalmartNarutoTestTests.xctest */;
			productType = "com.apple.product-type.bundle.unit-test";
		};
		46BC7F8526B077F6002BC347 /* WalmartNarutoTestUITests */ = {
			isa = PBXNativeTarget;
			buildConfigurationList = 46BC7F9526B077F6002BC347 /* Build configuration list for PBXNativeTarget "WalmartNarutoTestUITests" */;
			buildPhases = (
				46BC7F8226B077F6002BC347 /* Sources */,
				46BC7F8326B077F6002BC347 /* Frameworks */,
				46BC7F8426B077F6002BC347 /* Resources */,
			);
			buildRules = (
			);
			dependencies = (
				46BC7F8826B077F6002BC347 /* PBXTargetDependency */,
			);
			name = WalmartNarutoTestUITests;
			productName = WalmartNarutoTestUITests;
			productReference = 46BC7F8626B077F6002BC347 /* WalmartNarutoTestUITests.xctest */;
			productType = "com.apple.product-type.bundle.ui-testing";
		};
/* End PBXNativeTarget section */

/* Begin PBXProject section */
		46BC7F5D26B077F3002BC347 /* Project object */ = {
			isa = PBXProject;
			attributes = {
				LastSwiftUpdateCheck = 1250;
				LastUpgradeCheck = 1250;
				TargetAttributes = {
					46BC7F6426B077F3002BC347 = {
						CreatedOnToolsVersion = 12.5.1;
					};
					46BC7F7A26B077F6002BC347 = {
						CreatedOnToolsVersion = 12.5.1;
						TestTargetID = 46BC7F6426B077F3002BC347;
					};
					46BC7F8526B077F6002BC347 = {
						CreatedOnToolsVersion = 12.5.1;
						TestTargetID = 46BC7F6426B077F3002BC347;
					};
				};
			};
			buildConfigurationList = 46BC7F6026B077F3002BC347 /* Build configuration list for PBXProject "WalmartNarutoTest" */;
			compatibilityVersion = "Xcode 9.3";
			developmentRegion = en;
			hasScannedForEncodings = 0;
			knownRegions = (
				en,
				Base,
			);
			mainGroup = 46BC7F5C26B077F3002BC347;
			productRefGroup = 46BC7F6626B077F3002BC347 /* Products */;
			projectDirPath = "";
			projectRoot = "";
			targets = (
				46BC7F6426B077F3002BC347 /* WalmartNarutoTest */,
				46BC7F7A26B077F6002BC347 /* WalmartNarutoTestTests */,
				46BC7F8526B077F6002BC347 /* WalmartNarutoTestUITests */,
			);
		};
/* End PBXProject section */

/* Begin PBXResourcesBuildPhase section */
		46BC7F6326B077F3002BC347 /* Resources */ = {
			isa = PBXResourcesBuildPhase;
			buildActionMask = 2147483647;
			files = (
				46BC7F7526B077F6002BC347 /* LaunchScreen.storyboard in Resources */,
				46BC7F7226B077F6002BC347 /* Assets.xcassets in Resources */,
				46BC7FAE26B0800B002BC347 /* MainTableViewCell.xib in Resources */,
				46BC7F7026B077F3002BC347 /* Main.storyboard in Resources */,
				46BC7FBC26B1CE1F002BC347 /* MainView.xib in Resources */,
			);
			runOnlyForDeploymentPostprocessing = 0;
		};
		46BC7F7926B077F6002BC347 /* Resources */ = {
			isa = PBXResourcesBuildPhase;
			buildActionMask = 2147483647;
			files = (
			);
			runOnlyForDeploymentPostprocessing = 0;
		};
		46BC7F8426B077F6002BC347 /* Resources */ = {
			isa = PBXResourcesBuildPhase;
			buildActionMask = 2147483647;
			files = (
			);
			runOnlyForDeploymentPostprocessing = 0;
		};
/* End PBXResourcesBuildPhase section */

/* Begin PBXSourcesBuildPhase section */
		46BC7F6126B077F3002BC347 /* Sources */ = {
			isa = PBXSourcesBuildPhase;
			buildActionMask = 2147483647;
			files = (
				46BC7F6D26B077F3002BC347 /* MainViewController.swift in Sources */,
				46BC7FBA26B1CE0D002BC347 /* MainView.swift in Sources */,
				46BC7FB426B09D77002BC347 /* SearchViewController.swift in Sources */,
				46BC7FAD26B0800B002BC347 /* MainTableViewCell.swift in Sources */,
				46BC7FB226B08B71002BC347 /* Extentions.swift in Sources */,
				46BC7FA226B07D42002BC347 /* EpisodeResult.swift in Sources */,
				46BC7F6926B077F3002BC347 /* AppDelegate.swift in Sources */,
				46BC7FA726B07F4C002BC347 /* EndPoints.swift in Sources */,
				46BC7FA526B07F2D002BC347 /* APIHandler.swift in Sources */,
				46BC7F9F26B07B5A002BC347 /* MainViewModel.swift in Sources */,
				46BC7F6B26B077F3002BC347 /* SceneDelegate.swift in Sources */,
				46BC7FA926B07F64002BC347 /* Constants.swift in Sources */,
			);
			runOnlyForDeploymentPostprocessing = 0;
		};
		46BC7F7726B077F6002BC347 /* Sources */ = {
			isa = PBXSourcesBuildPhase;
			buildActionMask = 2147483647;
			files = (
				46BC7F8026B077F6002BC347 /* ViewModelTests.swift in Sources */,
				46BC7FB626B0B164002BC347 /* APIHandlerTests.swift in Sources */,
			);
			runOnlyForDeploymentPostprocessing = 0;
		};
		46BC7F8226B077F6002BC347 /* Sources */ = {
			isa = PBXSourcesBuildPhase;
			buildActionMask = 2147483647;
			files = (
				46BC7F8B26B077F6002BC347 /* WalmartNarutoTestUITests.swift in Sources */,
			);
			runOnlyForDeploymentPostprocessing = 0;
		};
/* End PBXSourcesBuildPhase section */

/* Begin PBXTargetDependency section */
		46BC7F7D26B077F6002BC347 /* PBXTargetDependency */ = {
			isa = PBXTargetDependency;
			target = 46BC7F6426B077F3002BC347 /* WalmartNarutoTest */;
			targetProxy = 46BC7F7C26B077F6002BC347 /* PBXContainerItemProxy */;
		};
		46BC7F8826B077F6002BC347 /* PBXTargetDependency */ = {
			isa = PBXTargetDependency;
			target = 46BC7F6426B077F3002BC347 /* WalmartNarutoTest */;
			targetProxy = 46BC7F8726B077F6002BC347 /* PBXContainerItemProxy */;
		};
/* End PBXTargetDependency section */

/* Begin PBXVariantGroup section */
		46BC7F6E26B077F3002BC347 /* Main.storyboard */ = {
			isa = PBXVariantGroup;
			children = (
				46BC7F6F26B077F3002BC347 /* Base */,
			);
			name = Main.storyboard;
			sourceTree = "<group>";
		};
		46BC7F7326B077F6002BC347 /* LaunchScreen.storyboard */ = {
			isa = PBXVariantGroup;
			children = (
				46BC7F7426B077F6002BC347 /* Base */,
			);
			name = LaunchScreen.storyboard;
			sourceTree = "<group>";
		};
/* End PBXVariantGroup section */

/* Begin XCBuildConfiguration section */
		46BC7F8D26B077F6002BC347 /* Debug */ = {
			isa = XCBuildConfiguration;
			buildSettings = {
				ALWAYS_SEARCH_USER_PATHS = NO;
				CLANG_ANALYZER_NONNULL = YES;
				CLANG_ANALYZER_NUMBER_OBJECT_CONVERSION = YES_AGGRESSIVE;
				CLANG_CXX_LANGUAGE_STANDARD = "gnu++14";
				CLANG_CXX_LIBRARY = "libc++";
				CLANG_ENABLE_MODULES = YES;
				CLANG_ENABLE_OBJC_ARC = YES;
				CLANG_ENABLE_OBJC_WEAK = YES;
				CLANG_WARN_BLOCK_CAPTURE_AUTORELEASING = YES;
				CLANG_WARN_BOOL_CONVERSION = YES;
				CLANG_WARN_COMMA = YES;
				CLANG_WARN_CONSTANT_CONVERSION = YES;
				CLANG_WARN_DEPRECATED_OBJC_IMPLEMENTATIONS = YES;
				CLANG_WARN_DIRECT_OBJC_ISA_USAGE = YES_ERROR;
				CLANG_WARN_DOCUMENTATION_COMMENTS = YES;
				CLANG_WARN_EMPTY_BODY = YES;
				CLANG_WARN_ENUM_CONVERSION = YES;
				CLANG_WARN_INFINITE_RECURSION = YES;
				CLANG_WARN_INT_CONVERSION = YES;
				CLANG_WARN_NON_LITERAL_NULL_CONVERSION = YES;
				CLANG_WARN_OBJC_IMPLICIT_RETAIN_SELF = YES;
				CLANG_WARN_OBJC_LITERAL_CONVERSION = YES;
				CLANG_WARN_OBJC_ROOT_CLASS = YES_ERROR;
				CLANG_WARN_QUOTED_INCLUDE_IN_FRAMEWORK_HEADER = YES;
				CLANG_WARN_RANGE_LOOP_ANALYSIS = YES;
				CLANG_WARN_STRICT_PROTOTYPES = YES;
				CLANG_WARN_SUSPICIOUS_MOVE = YES;
				CLANG_WARN_UNGUARDED_AVAILABILITY = YES_AGGRESSIVE;
				CLANG_WARN_UNREACHABLE_CODE = YES;
				CLANG_WARN__DUPLICATE_METHOD_MATCH = YES;
				COPY_PHASE_STRIP = NO;
				DEBUG_INFORMATION_FORMAT = dwarf;
				ENABLE_STRICT_OBJC_MSGSEND = YES;
				ENABLE_TESTABILITY = YES;
				GCC_C_LANGUAGE_STANDARD = gnu11;
				GCC_DYNAMIC_NO_PIC = NO;
				GCC_NO_COMMON_BLOCKS = YES;
				GCC_OPTIMIZATION_LEVEL = 0;
				GCC_PREPROCESSOR_DEFINITIONS = (
					"DEBUG=1",
					"$(inherited)",
				);
				GCC_WARN_64_TO_32_BIT_CONVERSION = YES;
				GCC_WARN_ABOUT_RETURN_TYPE = YES_ERROR;
				GCC_WARN_UNDECLARED_SELECTOR = YES;
				GCC_WARN_UNINITIALIZED_AUTOS = YES_AGGRESSIVE;
				GCC_WARN_UNUSED_FUNCTION = YES;
				GCC_WARN_UNUSED_VARIABLE = YES;
				IPHONEOS_DEPLOYMENT_TARGET = 14.5;
				MTL_ENABLE_DEBUG_INFO = INCLUDE_SOURCE;
				MTL_FAST_MATH = YES;
				ONLY_ACTIVE_ARCH = YES;
				SDKROOT = iphoneos;
				SWIFT_ACTIVE_COMPILATION_CONDITIONS = DEBUG;
				SWIFT_OPTIMIZATION_LEVEL = "-Onone";
			};
			name = Debug;
		};
		46BC7F8E26B077F6002BC347 /* Release */ = {
			isa = XCBuildConfiguration;
			buildSettings = {
				ALWAYS_SEARCH_USER_PATHS = NO;
				CLANG_ANALYZER_NONNULL = YES;
				CLANG_ANALYZER_NUMBER_OBJECT_CONVERSION = YES_AGGRESSIVE;
				CLANG_CXX_LANGUAGE_STANDARD = "gnu++14";
				CLANG_CXX_LIBRARY = "libc++";
				CLANG_ENABLE_MODULES = YES;
				CLANG_ENABLE_OBJC_ARC = YES;
				CLANG_ENABLE_OBJC_WEAK = YES;
				CLANG_WARN_BLOCK_CAPTURE_AUTORELEASING = YES;
				CLANG_WARN_BOOL_CONVERSION = YES;
				CLANG_WARN_COMMA = YES;
				CLANG_WARN_CONSTANT_CONVERSION = YES;
				CLANG_WARN_DEPRECATED_OBJC_IMPLEMENTATIONS = YES;
				CLANG_WARN_DIRECT_OBJC_ISA_USAGE = YES_ERROR;
				CLANG_WARN_DOCUMENTATION_COMMENTS = YES;
				CLANG_WARN_EMPTY_BODY = YES;
				CLANG_WARN_ENUM_CONVERSION = YES;
				CLANG_WARN_INFINITE_RECURSION = YES;
				CLANG_WARN_INT_CONVERSION = YES;
				CLANG_WARN_NON_LITERAL_NULL_CONVERSION = YES;
				CLANG_WARN_OBJC_IMPLICIT_RETAIN_SELF = YES;
				CLANG_WARN_OBJC_LITERAL_CONVERSION = YES;
				CLANG_WARN_OBJC_ROOT_CLASS = YES_ERROR;
				CLANG_WARN_QUOTED_INCLUDE_IN_FRAMEWORK_HEADER = YES;
				CLANG_WARN_RANGE_LOOP_ANALYSIS = YES;
				CLANG_WARN_STRICT_PROTOTYPES = YES;
				CLANG_WARN_SUSPICIOUS_MOVE = YES;
				CLANG_WARN_UNGUARDED_AVAILABILITY = YES_AGGRESSIVE;
				CLANG_WARN_UNREACHABLE_CODE = YES;
				CLANG_WARN__DUPLICATE_METHOD_MATCH = YES;
				COPY_PHASE_STRIP = NO;
				DEBUG_INFORMATION_FORMAT = "dwarf-with-dsym";
				ENABLE_NS_ASSERTIONS = NO;
				ENABLE_STRICT_OBJC_MSGSEND = YES;
				GCC_C_LANGUAGE_STANDARD = gnu11;
				GCC_NO_COMMON_BLOCKS = YES;
				GCC_WARN_64_TO_32_BIT_CONVERSION = YES;
				GCC_WARN_ABOUT_RETURN_TYPE = YES_ERROR;
				GCC_WARN_UNDECLARED_SELECTOR = YES;
				GCC_WARN_UNINITIALIZED_AUTOS = YES_AGGRESSIVE;
				GCC_WARN_UNUSED_FUNCTION = YES;
				GCC_WARN_UNUSED_VARIABLE = YES;
				IPHONEOS_DEPLOYMENT_TARGET = 14.5;
				MTL_ENABLE_DEBUG_INFO = NO;
				MTL_FAST_MATH = YES;
				SDKROOT = iphoneos;
				SWIFT_COMPILATION_MODE = wholemodule;
				SWIFT_OPTIMIZATION_LEVEL = "-O";
				VALIDATE_PRODUCT = YES;
			};
			name = Release;
		};
		46BC7F9026B077F6002BC347 /* Debug */ = {
			isa = XCBuildConfiguration;
			buildSettings = {
				ASSETCATALOG_COMPILER_APPICON_NAME = AppIcon;
				ASSETCATALOG_COMPILER_GLOBAL_ACCENT_COLOR_NAME = AccentColor;
				CODE_SIGN_STYLE = Automatic;
				DEVELOPMENT_TEAM = 3F2Q7FQ47R;
				INFOPLIST_FILE = WalmartNarutoTest/SupportingFiles/Info.plist;
				LD_RUNPATH_SEARCH_PATHS = (
					"$(inherited)",
					"@executable_path/Frameworks",
				);
				PRODUCT_BUNDLE_IDENTIFIER = com.tiv.c.WalmartNarutoTest;
				PRODUCT_NAME = "$(TARGET_NAME)";
				SWIFT_VERSION = 5.0;
				TARGETED_DEVICE_FAMILY = "1,2";
			};
			name = Debug;
		};
		46BC7F9126B077F6002BC347 /* Release */ = {
			isa = XCBuildConfiguration;
			buildSettings = {
				ASSETCATALOG_COMPILER_APPICON_NAME = AppIcon;
				ASSETCATALOG_COMPILER_GLOBAL_ACCENT_COLOR_NAME = AccentColor;
				CODE_SIGN_STYLE = Automatic;
				DEVELOPMENT_TEAM = 3F2Q7FQ47R;
				INFOPLIST_FILE = WalmartNarutoTest/SupportingFiles/Info.plist;
				LD_RUNPATH_SEARCH_PATHS = (
					"$(inherited)",
					"@executable_path/Frameworks",
				);
				PRODUCT_BUNDLE_IDENTIFIER = com.tiv.c.WalmartNarutoTest;
				PRODUCT_NAME = "$(TARGET_NAME)";
				SWIFT_VERSION = 5.0;
				TARGETED_DEVICE_FAMILY = "1,2";
			};
			name = Release;
		};
		46BC7F9326B077F6002BC347 /* Debug */ = {
			isa = XCBuildConfiguration;
			buildSettings = {
				ALWAYS_EMBED_SWIFT_STANDARD_LIBRARIES = YES;
				BUNDLE_LOADER = "$(TEST_HOST)";
				CODE_SIGN_STYLE = Automatic;
				DEVELOPMENT_TEAM = 3F2Q7FQ47R;
				INFOPLIST_FILE = WalmartNarutoTestTests/Info.plist;
				IPHONEOS_DEPLOYMENT_TARGET = 14.5;
				LD_RUNPATH_SEARCH_PATHS = (
					"$(inherited)",
					"@executable_path/Frameworks",
					"@loader_path/Frameworks",
				);
				PRODUCT_BUNDLE_IDENTIFIER = com.tiv.c.WalmartNarutoTestTests;
				PRODUCT_NAME = "$(TARGET_NAME)";
				SWIFT_VERSION = 5.0;
				TARGETED_DEVICE_FAMILY = "1,2";
				TEST_HOST = "$(BUILT_PRODUCTS_DIR)/WalmartNarutoTest.app/WalmartNarutoTest";
			};
			name = Debug;
		};
		46BC7F9426B077F6002BC347 /* Release */ = {
			isa = XCBuildConfiguration;
			buildSettings = {
				ALWAYS_EMBED_SWIFT_STANDARD_LIBRARIES = YES;
				BUNDLE_LOADER = "$(TEST_HOST)";
				CODE_SIGN_STYLE = Automatic;
				DEVELOPMENT_TEAM = 3F2Q7FQ47R;
				INFOPLIST_FILE = WalmartNarutoTestTests/Info.plist;
				IPHONEOS_DEPLOYMENT_TARGET = 14.5;
				LD_RUNPATH_SEARCH_PATHS = (
					"$(inherited)",
					"@executable_path/Frameworks",
					"@loader_path/Frameworks",
				);
				PRODUCT_BUNDLE_IDENTIFIER = com.tiv.c.WalmartNarutoTestTests;
				PRODUCT_NAME = "$(TARGET_NAME)";
				SWIFT_VERSION = 5.0;
				TARGETED_DEVICE_FAMILY = "1,2";
				TEST_HOST = "$(BUILT_PRODUCTS_DIR)/WalmartNarutoTest.app/WalmartNarutoTest";
			};
			name = Release;
		};
		46BC7F9626B077F6002BC347 /* Debug */ = {
			isa = XCBuildConfiguration;
			buildSettings = {
				ALWAYS_EMBED_SWIFT_STANDARD_LIBRARIES = YES;
				CODE_SIGN_STYLE = Automatic;
				DEVELOPMENT_TEAM = 3F2Q7FQ47R;
				INFOPLIST_FILE = WalmartNarutoTestUITests/Info.plist;
				LD_RUNPATH_SEARCH_PATHS = (
					"$(inherited)",
					"@executable_path/Frameworks",
					"@loader_path/Frameworks",
				);
				PRODUCT_BUNDLE_IDENTIFIER = com.tiv.c.WalmartNarutoTestUITests;
				PRODUCT_NAME = "$(TARGET_NAME)";
				SWIFT_VERSION = 5.0;
				TARGETED_DEVICE_FAMILY = "1,2";
				TEST_TARGET_NAME = WalmartNarutoTest;
			};
			name = Debug;
		};
		46BC7F9726B077F6002BC347 /* Release */ = {
			isa = XCBuildConfiguration;
			buildSettings = {
				ALWAYS_EMBED_SWIFT_STANDARD_LIBRARIES = YES;
				CODE_SIGN_STYLE = Automatic;
				DEVELOPMENT_TEAM = 3F2Q7FQ47R;
				INFOPLIST_FILE = WalmartNarutoTestUITests/Info.plist;
				LD_RUNPATH_SEARCH_PATHS = (
					"$(inherited)",
					"@executable_path/Frameworks",
					"@loader_path/Frameworks",
				);
				PRODUCT_BUNDLE_IDENTIFIER = com.tiv.c.WalmartNarutoTestUITests;
				PRODUCT_NAME = "$(TARGET_NAME)";
				SWIFT_VERSION = 5.0;
				TARGETED_DEVICE_FAMILY = "1,2";
				TEST_TARGET_NAME = WalmartNarutoTest;
			};
			name = Release;
		};
/* End XCBuildConfiguration section */

/* Begin XCConfigurationList section */
		46BC7F6026B077F3002BC347 /* Build configuration list for PBXProject "WalmartNarutoTest" */ = {
			isa = XCConfigurationList;
			buildConfigurations = (
				46BC7F8D26B077F6002BC347 /* Debug */,
				46BC7F8E26B077F6002BC347 /* Release */,
			);
			defaultConfigurationIsVisible = 0;
			defaultConfigurationName = Release;
		};
		46BC7F8F26B077F6002BC347 /* Build configuration list for PBXNativeTarget "WalmartNarutoTest" */ = {
			isa = XCConfigurationList;
			buildConfigurations = (
				46BC7F9026B077F6002BC347 /* Debug */,
				46BC7F9126B077F6002BC347 /* Release */,
			);
			defaultConfigurationIsVisible = 0;
			defaultConfigurationName = Release;
		};
		46BC7F9226B077F6002BC347 /* Build configuration list for PBXNativeTarget "WalmartNarutoTestTests" */ = {
			isa = XCConfigurationList;
			buildConfigurations = (
				46BC7F9326B077F6002BC347 /* Debug */,
				46BC7F9426B077F6002BC347 /* Release */,
			);
			defaultConfigurationIsVisible = 0;
			defaultConfigurationName = Release;
		};
		46BC7F9526B077F6002BC347 /* Build configuration list for PBXNativeTarget "WalmartNarutoTestUITests" */ = {
			isa = XCConfigurationList;
			buildConfigurations = (
				46BC7F9626B077F6002BC347 /* Debug */,
				46BC7F9726B077F6002BC347 /* Release */,
			);
			defaultConfigurationIsVisible = 0;
			defaultConfigurationName = Release;
		};
/* End XCConfigurationList section */
	};
	rootObject = 46BC7F5D26B077F3002BC347 /* Project object */;
}
